
Microsoft Visual Studio Solution File, Format Version 12.00
# Visual Studio 15
VisualStudioVersion = 15.0.28307.779
MinimumVisualStudioVersion = 10.0.40219.1
Project("{FAE04EC0-301F-11D3-BF4B-00C04F79EFBC}") = "BookShop", "BookShop\BookShop.csproj", "{88F0BAD0-5D7B-4E54-9B13-48DE537D5DF1}"
EndProject
Project("{FAE04EC0-301F-11D3-BF4B-00C04F79EFBC}") = "BookShop.Tests", "BookShop.Tests\BookShop.Tests.csproj", "{BE391271-D09E-467E-90A1-69649719780E}"
EndProject
Global
	GlobalSection(SolutionConfigurationPlatforms) = preSolution
		Debug|Any CPU = Debug|Any CPU
		Release|Any CPU = Release|Any CPU
	EndGlobalSection
	GlobalSection(ProjectConfigurationPlatforms) = postSolution
		{88F0BAD0-5D7B-4E54-9B13-48DE537D5DF1}.Debug|Any CPU.ActiveCfg = Debug|Any CPU
		{88F0BAD0-5D7B-4E54-9B13-48DE537D5DF1}.Debug|Any CPU.Build.0 = Debug|Any CPU
		{88F0BAD0-5D7B-4E54-9B13-48DE537D5DF1}.Release|Any CPU.ActiveCfg = Release|Any CPU
		{88F0BAD0-5D7B-4E54-9B13-48DE537D5DF1}.Release|Any CPU.Build.0 = Release|Any CPU
		{BE391271-D09E-467E-90A1-69649719780E}.Debug|Any CPU.ActiveCfg = Debug|Any CPU
		{BE391271-D09E-467E-90A1-69649719780E}.Debug|Any CPU.Build.0 = Debug|Any CPU
		{BE391271-D09E-467E-90A1-69649719780E}.Release|Any CPU.ActiveCfg = Release|Any CPU
		{BE391271-D09E-467E-90A1-69649719780E}.Release|Any CPU.Build.0 = Release|Any CPU
	EndGlobalSection
	GlobalSection(SolutionProperties) = preSolution
		HideSolutionNode = FALSE
	EndGlobalSection
	GlobalSection(ExtensibilityGlobals) = postSolution
		SolutionGuid = {BAB0BF3A-C075-4415-A269-648DC940771A}
	EndGlobalSection
EndGlobal
